
Microsoft Visual Studio Solution File, Format Version 12.00
# Visual Studio 2013
VisualStudioVersion = 12.0.40629.0
MinimumVisualStudioVersion = 10.0.40219.1
Project("{FAE04EC0-301F-11D3-BF4B-00C04F79EFBC}") = "Restion", "Restion\Restion.csproj", "{46B36843-A335-4B50-8C44-19AC821FDD20}"
EndProject
Project("{FAE04EC0-301F-11D3-BF4B-00C04F79EFBC}") = "Restion.Tests", "Restion.Tests\Restion.Tests.csproj", "{828130B8-5737-456D-A87B-B374C7700D82}"
EndProject
Project("{FAE04EC0-301F-11D3-BF4B-00C04F79EFBC}") = "Restion.Tests.WebApi", "Restion.Tests.WebApi\Restion.Tests.WebApi.csproj", "{925C9440-6775-4AB6-A3D4-7A7305D7BFD4}"
EndProject
Project("{2150E333-8FDC-42A3-9474-1A3956D46DE8}") = ".nuget", ".nuget", "{12608A7E-CC7F-439E-9149-688635F98F28}"
	ProjectSection(SolutionItems) = preProject
		.nuget\NuGet.Config = .nuget\NuGet.Config
		.nuget\NuGet.exe = .nuget\NuGet.exe
		.nuget\NuGet.targets = .nuget\NuGet.targets
	EndProjectSection
EndProject
Global
	GlobalSection(SolutionConfigurationPlatforms) = preSolution
		Debug|Any CPU = Debug|Any CPU
		Release|Any CPU = Release|Any CPU
	EndGlobalSection
	GlobalSection(ProjectConfigurationPlatforms) = postSolution
		{46B36843-A335-4B50-8C44-19AC821FDD20}.Debug|Any CPU.ActiveCfg = Debug|Any CPU
		{46B36843-A335-4B50-8C44-19AC821FDD20}.Debug|Any CPU.Build.0 = Debug|Any CPU
		{46B36843-A335-4B50-8C44-19AC821FDD20}.Release|Any CPU.ActiveCfg = Release|Any CPU
		{46B36843-A335-4B50-8C44-19AC821FDD20}.Release|Any CPU.Build.0 = Release|Any CPU
		{828130B8-5737-456D-A87B-B374C7700D82}.Debug|Any CPU.ActiveCfg = Debug|Any CPU
		{828130B8-5737-456D-A87B-B374C7700D82}.Debug|Any CPU.Build.0 = Debug|Any CPU
		{828130B8-5737-456D-A87B-B374C7700D82}.Release|Any CPU.ActiveCfg = Release|Any CPU
		{828130B8-5737-456D-A87B-B374C7700D82}.Release|Any CPU.Build.0 = Release|Any CPU
		{925C9440-6775-4AB6-A3D4-7A7305D7BFD4}.Debug|Any CPU.ActiveCfg = Debug|Any CPU
		{925C9440-6775-4AB6-A3D4-7A7305D7BFD4}.Debug|Any CPU.Build.0 = Debug|Any CPU
		{925C9440-6775-4AB6-A3D4-7A7305D7BFD4}.Release|Any CPU.ActiveCfg = Release|Any CPU
		{925C9440-6775-4AB6-A3D4-7A7305D7BFD4}.Release|Any CPU.Build.0 = Release|Any CPU
	EndGlobalSection
	GlobalSection(SolutionProperties) = preSolution
		HideSolutionNode = FALSE
	EndGlobalSection
EndGlobal
